{
  "nodes": {
    "arduino-boardsmanager-empty": {
      "flake": false,
      "locked": {
        "narHash": "sha256-unWuDYkD7SK2Kud2MjUNQDZ0yrrclpiEC485R91SouI=",
        "type": "file",
        "url": "https://github.com/keyboardio/boardsmanager/raw/main/devel/empty.tbz"
      },
      "original": {
        "type": "file",
        "url": "https://github.com/keyboardio/boardsmanager/raw/main/devel/empty.tbz"
      }
    },
    "arduino-cores-avr": {
      "flake": false,
      "locked": {
        "narHash": "sha256-FJsmlczN8GsR9BXPp5TY2m+hbhOLyMa5+9sM96Gn4hA=",
        "type": "file",
        "url": "https://downloads.arduino.cc/cores/staging/avr-1.8.8.tar.bz2"
      },
      "original": {
        "type": "file",
        "url": "https://downloads.arduino.cc/cores/staging/avr-1.8.8.tar.bz2"
      }
    },
    "arduino-discovery-dfu": {
      "flake": false,
      "locked": {
        "narHash": "sha256-x2uG4rxFeCJ/ZQZG3EDs1YcKhXfDS7CHzf1atIDA+mE=",
        "type": "file",
        "url": "https://downloads.arduino.cc/discovery/dfu-discovery/dfu-discovery_v0.1.2_Linux_64bit.tar.gz"
      },
      "original": {
        "type": "file",
        "url": "https://downloads.arduino.cc/discovery/dfu-discovery/dfu-discovery_v0.1.2_Linux_64bit.tar.gz"
      }
    },
    "arduino-discovery-mdns": {
      "flake": false,
      "locked": {
        "narHash": "sha256-f+U9axgue3QTAZYQvLfdt29omUaB1OVAvr/92I51tfo=",
        "type": "file",
        "url": "https://downloads.arduino.cc/discovery/mdns-discovery/mdns-discovery_v1.1.0_Linux_64bit.tar.gz"
      },
      "original": {
        "type": "file",
        "url": "https://downloads.arduino.cc/discovery/mdns-discovery/mdns-discovery_v1.1.0_Linux_64bit.tar.gz"
      }
    },
    "arduino-discovery-serial": {
      "flake": false,
      "locked": {
        "narHash": "sha256-75a/OLQYwN7VySFspfRRP4XQeuQdMWxKRIvXcPFVXX8=",
        "type": "file",
        "url": "https://downloads.arduino.cc/discovery/serial-discovery/serial-discovery_v1.5.2_Linux_64bit.tar.gz"
      },
      "original": {
        "type": "file",
        "url": "https://downloads.arduino.cc/discovery/serial-discovery/serial-discovery_v1.5.2_Linux_64bit.tar.gz"
      }
    },
    "arduino-monitor-serial": {
      "flake": false,
      "locked": {
        "narHash": "sha256-bjzExV4FSEMBVfLUCxO4SkKraShZXOvv1iXN3IstBZc=",
        "type": "file",
        "url": "https://downloads.arduino.cc/monitor/serial-monitor/serial-monitor_v0.15.0_Linux_64bit.tar.gz"
      },
      "original": {
        "type": "file",
        "url": "https://downloads.arduino.cc/monitor/serial-monitor/serial-monitor_v0.15.0_Linux_64bit.tar.gz"
      }
    },
    "arduino-tools-avr-gcc": {
      "flake": false,
      "locked": {
        "narHash": "sha256-UIG580IoBXQ+JN5TfKhujJcJca2pnrsm//dodV1GOkM=",
        "type": "file",
        "url": "https://downloads.arduino.cc/tools/avr-gcc-7.3.0-atmel3.6.1-arduino7-x86_64-pc-linux-gnu.tar.bz2"
      },
      "original": {
        "type": "file",
        "url": "https://downloads.arduino.cc/tools/avr-gcc-7.3.0-atmel3.6.1-arduino7-x86_64-pc-linux-gnu.tar.bz2"
      }
    },
    "arduino-tools-avrdude-6": {
      "flake": false,
      "locked": {
        "narHash": "sha256-+LAWQeUDEYlJ5+T2T8gv7WE7EFFcCdlKN6+ezi5o0kU=",
        "type": "file",
        "url": "https://downloads.arduino.cc/tools/avrdude-6.3.0-arduino17-x86_64-pc-linux-gnu.tar.bz2"
      },
      "original": {
        "type": "file",
        "url": "https://downloads.arduino.cc/tools/avrdude-6.3.0-arduino17-x86_64-pc-linux-gnu.tar.bz2"
      }
    },
    "arduino-tools-avrdude-8": {
      "flake": false,
      "locked": {
        "narHash": "sha256-vwAfKd2qhpL5Z0DiEpSTrgg418qKVC3RKXWrPIvOCFg=",
        "type": "file",
        "url": "https://downloads.arduino.cc/tools/avrdude_8.0-arduino.1_Linux_64bit.tar.gz"
      },
      "original": {
        "type": "file",
        "url": "https://downloads.arduino.cc/tools/avrdude_8.0-arduino.1_Linux_64bit.tar.gz"
      }
    },
    "arduino-tools-ctags": {
      "flake": false,
      "locked": {
        "narHash": "sha256-qe4l6mMql2ekvK2t9KgQm1qiQGl7uhuS7K67e1utpf0=",
        "type": "file",
        "url": "https://downloads.arduino.cc/tools/ctags-5.8-arduino11-pm-x86_64-pc-linux-gnu.tar.bz2"
      },
      "original": {
        "type": "file",
        "url": "https://downloads.arduino.cc/tools/ctags-5.8-arduino11-pm-x86_64-pc-linux-gnu.tar.bz2"
      }
    },
    "arduino-tools-dfu-util": {
      "flake": false,
      "locked": {
        "narHash": "sha256-Zjx7fjkKJ0x8vmbV3fdRYTF7KQVH5RsOGPXF6H9i6VY=",
        "type": "file",
        "url": "https://downloads.arduino.cc/tools/dfu-util-0.11.0-arduino3-linux64.tar.bz2"
      },
      "original": {
        "type": "file",
        "url": "https://downloads.arduino.cc/tools/dfu-util-0.11.0-arduino3-linux64.tar.bz2"
      }
    },
    "arduino-tools-ota": {
      "flake": false,
      "locked": {
        "narHash": "sha256-OY0mYW6M9NjxpI5jwf38w4CoC9lmP7GGpCd4v5xzLhM=",
        "type": "file",
        "url": "https://downloads.arduino.cc/tools/arduinoOTA-1.3.0-linux_amd64.tar.bz2"
      },
      "original": {
        "type": "file",
        "url": "https://downloads.arduino.cc/tools/arduinoOTA-1.3.0-linux_amd64.tar.bz2"
      }
    },
    "arduino-xpack-arm": {
      "flake": false,
      "locked": {
        "narHash": "sha256-c+7rE0Vq1ziMgVjfP4/3wEyhz6jFszagFl2GrmW/3kU=",
        "type": "file",
        "url": "https://github.com/xpack-dev-tools/arm-none-eabi-gcc-xpack/releases/download/v9.3.1-1.3/xpack-arm-none-eabi-gcc-9.3.1-1.3-linux-x64.tar.gz"
      },
      "original": {
        "type": "file",
        "url": "https://github.com/xpack-dev-tools/arm-none-eabi-gcc-xpack/releases/download/v9.3.1-1.3/xpack-arm-none-eabi-gcc-9.3.1-1.3-linux-x64.tar.gz"
      }
    },
    "arduino-xpack-openocd": {
      "flake": false,
      "locked": {
        "narHash": "sha256-ix6DUc0SHXjqUToxsaKkwfgO+YL6cL9rS85Unp9qfZY=",
        "type": "file",
        "url": "https://github.com/xpack-dev-tools/openocd-xpack/releases/download/v0.11.0-1/xpack-openocd-0.11.0-1-linux-x64.tar.gz"
      },
      "original": {
        "type": "file",
        "url": "https://github.com/xpack-dev-tools/openocd-xpack/releases/download/v0.11.0-1/xpack-openocd-0.11.0-1-linux-x64.tar.gz"
      }
    },
    "devshell": {
      "inputs": {
        "nixpkgs": "nixpkgs"
      },
      "locked": {
        "lastModified": 1768818222,
        "narHash": "sha256-460jc0+CZfyaO8+w8JNtlClB2n4ui1RbHfPTLkpwhU8=",
        "owner": "numtide",
        "repo": "devshell",
        "rev": "255a2b1725a20d060f566e4755dbf571bbbb5f76",
        "type": "github"
      },
      "original": {
        "owner": "numtide",
        "repo": "devshell",
        "type": "github"
      }
    },
    "flake-compat": {
      "locked": {
        "lastModified": 1733328505,
        "narHash": "sha256-NeCCThCEP3eCl2l/+27kNNK7QrwZB1IJCrXfrbv5oqU=",
        "rev": "ff81ac966bb2cae68946d5ed5fc4994f96d0ffec",
        "revCount": 69,
        "type": "tarball",
        "url": "https://api.flakehub.com/f/pinned/edolstra/flake-compat/1.1.0/01948eb7-9cba-704f-bbf3-3fa956735b52/source.tar.gz"
      },
      "original": {
        "type": "tarball",
        "url": "https://flakehub.com/f/edolstra/flake-compat/%2A.tar.gz"
      }
    },
    "flake-parts": {
      "inputs": {
        "nixpkgs-lib": "nixpkgs-lib"
      },
      "locked": {
        "lastModified": 1782949081,
        "narHash": "sha256-vp6Y/Grm98ESt6ceOkWiHWyZRDV3J1RID4w+6NWK9yA=",
        "owner": "hercules-ci",
        "repo": "flake-parts",
        "rev": "17c9d6cdfc60c64f4ee8d306f9bc0b4ccb51481e",
        "type": "github"
      },
      "original": {
        "owner": "hercules-ci",
        "repo": "flake-parts",
        "type": "github"
      }
    },
    "keyboardio-arduinocore": {
      "flake": false,
      "locked": {
        "lastModified": 1702922810,
        "narHash": "sha256-FShdwVrz8Md8EJcJMa7PGPcLALo0Wb+AxXOkHetG/Lw=",
        "ref": "refs/heads/main",
        "rev": "d73e13cdb2abb7ede03fc56ca2576a983e38b773",
        "revCount": 457,
        "submodules": true,
        "type": "git",
        "url": "https://github.com/keyboardio/ArduinoCore-GD32-Keyboardio"
      },
      "original": {
        "submodules": true,
        "type": "git",
        "url": "https://github.com/keyboardio/ArduinoCore-GD32-Keyboardio"
      }
    },
    "keyboardio-boardsmanager": {
      "flake": false,
      "locked": {
        "narHash": "sha256-66Fgn46N9fb0g2u9jIm5V6Fc8W9l9lAGx9TpjX681sA=",
        "type": "file",
        "url": "https://raw.githubusercontent.com/keyboardio/boardsmanager/master/devel/package_kaleidoscope_devel_index.json"
      },
      "original": {
        "type": "file",
        "url": "https://raw.githubusercontent.com/keyboardio/boardsmanager/master/devel/package_kaleidoscope_devel_index.json"
      }
    },
    "keyboardio-kaleidoscope-bundle": {
      "flake": false,
      "locked": {
        "lastModified": 1733784470,
        "narHash": "sha256-lzG4AX306vpvS6NbFIdN06n/51w5MpbX1xYChpac2kc=",
        "ref": "refs/heads/master",
        "rev": "2633e79ed2cf7f04bfef01d1432b39d8bb85e48d",
        "revCount": 307,
        "submodules": true,
        "type": "git",
        "url": "https://github.com/keyboardio/Kaleidoscope-Bundle-Keyboardio"
      },
      "original": {
        "submodules": true,
        "type": "git",
        "url": "https://github.com/keyboardio/Kaleidoscope-Bundle-Keyboardio"
      }
    },
    "keyboardio-kaleidoscope-factory": {
      "flake": false,
      "locked": {
        "lastModified": 1758864653,
        "narHash": "sha256-Gy1ExawV7wcWbqL3KQcumBJmaXsGxt/5GeNlFi3G4SI=",
        "ref": "refs/heads/master",
        "rev": "d07904a66196cba7a4f2abb8f31d087fd8b72f2b",
        "revCount": 6585,
        "type": "git",
        "url": "https://github.com/keyboardio/Kaleidoscope"
      },
      "original": {
        "type": "git",
        "url": "https://github.com/keyboardio/Kaleidoscope"
      }
    },
    "keymaps-ergodoxez": {
      "flake": false,
      "locked": {
        "lastModified": 1702999846,
        "narHash": "sha256-KBOhWkU39n8Og1D1CaFf67ReS3MXLUWGpbAVbA6cy4Q=",
        "owner": "shajra",
        "repo": "empty",
        "rev": "a5d71e382bfc85f6e3ed135ff35f16c83aa62828",
        "type": "github"
      },
      "original": {
        "owner": "shajra",
        "repo": "empty",
        "type": "github"
      }
    },
    "keymaps-model01": {
      "flake": false,
      "locked": {
        "lastModified": 1702999846,
        "narHash": "sha256-KBOhWkU39n8Og1D1CaFf67ReS3MXLUWGpbAVbA6cy4Q=",
        "owner": "shajra",
        "repo": "empty",
        "rev": "a5d71e382bfc85f6e3ed135ff35f16c83aa62828",
        "type": "github"
      },
      "original": {
        "owner": "shajra",
        "repo": "empty",
        "type": "github"
      }
    },
    "keymaps-model100": {
      "flake": false,
      "locked": {
        "lastModified": 1702999846,
        "narHash": "sha256-KBOhWkU39n8Og1D1CaFf67ReS3MXLUWGpbAVbA6cy4Q=",
        "owner": "shajra",
        "repo": "empty",
        "rev": "a5d71e382bfc85f6e3ed135ff35f16c83aa62828",
        "type": "github"
      },
      "original": {
        "owner": "shajra",
        "repo": "empty",
        "type": "github"
      }
    },
    "keymaps-moonlander": {
      "flake": false,
      "locked": {
        "lastModified": 1702999846,
        "narHash": "sha256-KBOhWkU39n8Og1D1CaFf67ReS3MXLUWGpbAVbA6cy4Q=",
        "owner": "shajra",
        "repo": "empty",
        "rev": "a5d71e382bfc85f6e3ed135ff35f16c83aa62828",
        "type": "github"
      },
      "original": {
        "owner": "shajra",
        "repo": "empty",
        "type": "github"
      }
    },
    "nix-project": {
      "inputs": {
        "devshell": "devshell",
        "flake-compat": "flake-compat",
        "flake-parts": "flake-parts",
        "nixpkgs-master": "nixpkgs-master",
        "nixpkgs-stable-darwin": "nixpkgs-stable-darwin",
        "nixpkgs-stable-linux": "nixpkgs-stable-linux",
        "nixpkgs-unstable": "nixpkgs-unstable",
        "ox-gfm": "ox-gfm",
        "sops-nix": "sops-nix",
        "treefmt-nix": "treefmt-nix"
      },
      "locked": {
        "lastModified": 1785611081,
        "narHash": "sha256-fgwfiQmdE01/5HLbeI9/1Gz8vN8uWAKGwkJscVX3Qg8=",
        "owner": "shajra",
        "repo": "nix-project",
        "rev": "43e6c3eded736fef9f9dfcbc7f70f37d377584f1",
        "type": "github"
      },
      "original": {
        "owner": "shajra",
        "repo": "nix-project",
        "type": "github"
      }
    },
    "nixpkgs": {
      "locked": {
        "lastModified": 1762156382,
        "narHash": "sha256-Yg7Ag7ov5+36jEFC1DaZh/12SEXo6OO3/8rqADRxiqs=",
        "owner": "NixOS",
        "repo": "nixpkgs",
        "rev": "7241bcbb4f099a66aafca120d37c65e8dda32717",
        "type": "github"
      },
      "original": {
        "owner": "NixOS",
        "ref": "nixpkgs-unstable",
        "repo": "nixpkgs",
        "type": "github"
      }
    },
    "nixpkgs-lib": {
      "locked": {
        "lastModified": 1782614948,
        "narHash": "sha256-ePjCwr1sNm9NYUqywL7QfK3JnlS015msC+eBu2zKlp8=",
        "owner": "nix-community",
        "repo": "nixpkgs.lib",
        "rev": "db3f255737b94216eb71cce308e2912cf6bc2d7c",
        "type": "github"
      },
      "original": {
        "owner": "nix-community",
        "repo": "nixpkgs.lib",
        "type": "github"
      }
    },
    "nixpkgs-master": {
      "locked": {
        "lastModified": 1785602109,
        "narHash": "sha256-HwC1oD1kDqif4OiVvIWUq4cUNdqJaqnlbU7SoOZ6j/4=",
        "owner": "NixOS",
        "repo": "nixpkgs",
        "rev": "e85021c34505b41240520823910167f9b7789587",
        "type": "github"
      },
      "original": {
        "owner": "NixOS",
        "ref": "master",
        "repo": "nixpkgs",
        "type": "github"
      }
    },
    "nixpkgs-stable-darwin": {
      "locked": {
        "lastModified": 1785067121,
        "narHash": "sha256-rdJdWxAcg5fnntU4DjPivPdVEN4F+VJavw+UWpEMeUI=",
        "owner": "NixOS",
        "repo": "nixpkgs",
        "rev": "329c3d2af6d1b618705150ea39f72c15eb4e613e",
        "type": "github"
      },
      "original": {
        "owner": "NixOS",
        "ref": "nixpkgs-26.05-darwin",
        "repo": "nixpkgs",
        "type": "github"
      }
    },
    "nixpkgs-stable-linux": {
      "locked": {
        "lastModified": 1785491804,
        "narHash": "sha256-p00vplVOyfKGlhju0+eGGPAxyYYKaY0lpyuoHLFIx2Y=",
        "owner": "NixOS",
        "repo": "nixpkgs",
        "rev": "5b4f72e1705a63aace42900610c4db82cb4af0ec",
        "type": "github"
      },
      "original": {
        "owner": "NixOS",
        "ref": "nixos-26.05",
        "repo": "nixpkgs",
        "type": "github"
      }
    },
    "nixpkgs-unstable": {
      "locked": {
        "lastModified": 1785483748,
        "narHash": "sha256-M4HXpLsR7iFTNQfD/q+zK8/QeRYztYVDVIdIgCVGGZ0=",
        "owner": "NixOS",
        "repo": "nixpkgs",
        "rev": "59ea0b1c043c463e39fcb3cfb9a5c8bcf0777c72",
        "type": "github"
      },
      "original": {
        "owner": "NixOS",
        "ref": "nixpkgs-unstable",
        "repo": "nixpkgs",
        "type": "github"
      }
    },
    "nixpkgs_2": {
      "locked": {
        "lastModified": 1782175435,
        "narHash": "sha256-EMzXKmnOtBQ2MnvpiNOm7E+kOMvdPrIKaeg52Tip2Uk=",
        "owner": "NixOS",
        "repo": "nixpkgs",
        "rev": "89570f24e97e614aa34aa9ab1c927b6578a43775",
        "type": "github"
      },
      "original": {
        "owner": "NixOS",
        "ref": "nixpkgs-unstable",
        "repo": "nixpkgs",
        "type": "github"
      }
    },
    "nixpkgs_3": {
      "locked": {
        "lastModified": 1770107345,
        "narHash": "sha256-tbS0Ebx2PiA1FRW8mt8oejR0qMXmziJmPaU1d4kYY9g=",
        "owner": "nixos",
        "repo": "nixpkgs",
        "rev": "4533d9293756b63904b7238acb84ac8fe4c8c2c4",
        "type": "github"
      },
      "original": {
        "owner": "nixos",
        "ref": "nixpkgs-unstable",
        "repo": "nixpkgs",
        "type": "github"
      }
    },
    "ox-gfm": {
      "flake": false,
      "locked": {
        "lastModified": 1479132511,
        "narHash": "sha256-Grot+0iay2nw/08bpC0i2B59HstdNq1kEZodn3D/GFA=",
        "owner": "syl20bnr",
        "repo": "ox-gfm",
        "rev": "352ab00a5e06d042700bf7955f9ace48c503c1c8",
        "type": "github"
      },
      "original": {
        "owner": "syl20bnr",
        "repo": "ox-gfm",
        "type": "github"
      }
    },
    "qmk-factory": {
      "flake": false,
      "locked": {
        "lastModified": 1785201544,
        "narHash": "sha256-ezsuJr2wFcfl1ydqLC3tq7yzcw9ZhEcUNbboDajBbyQ=",
        "ref": "refs/heads/master",
        "rev": "4ffb1ab16c443f2def5949d39b56057c0c88c88b",
        "revCount": 29574,
        "submodules": true,
        "type": "git",
        "url": "https://github.com/qmk/qmk_firmware"
      },
      "original": {
        "submodules": true,
        "type": "git",
        "url": "https://github.com/qmk/qmk_firmware"
      }
    },
    "root": {
      "inputs": {
        "arduino-boardsmanager-empty": "arduino-boardsmanager-empty",
        "arduino-cores-avr": "arduino-cores-avr",
        "arduino-discovery-dfu": "arduino-discovery-dfu",
        "arduino-discovery-mdns": "arduino-discovery-mdns",
        "arduino-discovery-serial": "arduino-discovery-serial",
        "arduino-monitor-serial": "arduino-monitor-serial",
        "arduino-tools-avr-gcc": "arduino-tools-avr-gcc",
        "arduino-tools-avrdude-6": "arduino-tools-avrdude-6",
        "arduino-tools-avrdude-8": "arduino-tools-avrdude-8",
        "arduino-tools-ctags": "arduino-tools-ctags",
        "arduino-tools-dfu-util": "arduino-tools-dfu-util",
        "arduino-tools-ota": "arduino-tools-ota",
        "arduino-xpack-arm": "arduino-xpack-arm",
        "arduino-xpack-openocd": "arduino-xpack-openocd",
        "devshell": [
          "nix-project",
          "devshell"
        ],
        "flake-parts": [
          "nix-project",
          "flake-parts"
        ],
        "keyboardio-arduinocore": "keyboardio-arduinocore",
        "keyboardio-boardsmanager": "keyboardio-boardsmanager",
        "keyboardio-kaleidoscope-bundle": "keyboardio-kaleidoscope-bundle",
        "keyboardio-kaleidoscope-factory": "keyboardio-kaleidoscope-factory",
        "keymaps-ergodoxez": "keymaps-ergodoxez",
        "keymaps-model01": "keymaps-model01",
        "keymaps-model100": "keymaps-model100",
        "keymaps-moonlander": "keymaps-moonlander",
        "nix-project": "nix-project",
        "qmk-factory": "qmk-factory",
        "treefmt-nix": [
          "nix-project",
          "treefmt-nix"
        ]
      }
    },
    "sops-nix": {
      "inputs": {
        "nixpkgs": "nixpkgs_2"
      },
      "locked": {
        "lastModified": 1783174389,
        "narHash": "sha256-aCWC8ngycU7OdJrU2+Je3qf+1a2ykuBvpPhZT/9tXMc=",
        "owner": "Mic92",
        "repo": "sops-nix",
        "rev": "f1406619a3884cd5c47992a70b8b35c9c0fcb4c9",
        "type": "github"
      },
      "original": {
        "owner": "Mic92",
        "repo": "sops-nix",
        "type": "github"
      }
    },
    "treefmt-nix": {
      "inputs": {
        "nixpkgs": "nixpkgs_3"
      },
      "locked": {
        "lastModified": 1785360170,
        "narHash": "sha256-XE1lKgQ3eIO3E7zWryqcRsax+mYXod/5RHBn4YaR9YE=",
        "owner": "numtide",
        "repo": "treefmt-nix",
        "rev": "d1187f8bc71fb8aab02395869ec3f5c1920f75c0",
        "type": "github"
      },
      "original": {
        "owner": "numtide",
        "repo": "treefmt-nix",
        "type": "github"
      }
    }
  },
  "root": "root",
  "version": 7
}
