{
  "nodes": {
    "arduino-boardsmanager-empty": {
      "flake": false,
      "locked": {
        "narHash": "sha256-unWuDYkD7SK2Kud2MjUNQDZ0yrrclpiEC485R91SouI=",
        "type": "file",
        "url": "https://github.com/keyboardio/boardsmanager/raw/main/devel/empty.tbz"
      },
      "original": {
        "type": "file",
        "url": "https://github.com/keyboardio/boardsmanager/raw/main/devel/empty.tbz"
      }
    },
    "arduino-cores-avr": {
      "flake": false,
      "locked": {
        "narHash": "sha256-cSp3OAYHiOyXAhCrB4g76JsvBogo0JZzN6/QlFJyIZg=",
        "type": "file",
        "url": "https://downloads.arduino.cc/cores/staging/avr-1.8.6.tar.bz2"
      },
      "original": {
        "type": "file",
        "url": "https://downloads.arduino.cc/cores/staging/avr-1.8.6.tar.bz2"
      }
    },
    "arduino-discovery-dfu": {
      "flake": false,
      "locked": {
        "narHash": "sha256-x2uG4rxFeCJ/ZQZG3EDs1YcKhXfDS7CHzf1atIDA+mE=",
        "type": "file",
        "url": "https://downloads.arduino.cc/discovery/dfu-discovery/dfu-discovery_v0.1.2_Linux_64bit.tar.gz"
      },
      "original": {
        "type": "file",
        "url": "https://downloads.arduino.cc/discovery/dfu-discovery/dfu-discovery_v0.1.2_Linux_64bit.tar.gz"
      }
    },
    "arduino-discovery-mdns": {
      "flake": false,
      "locked": {
        "narHash": "sha256-zyjnma4jduwgwe1VWbBUPbvBZzjTU1K4k2YbTnJmaoY=",
        "type": "file",
        "url": "https://downloads.arduino.cc/discovery/mdns-discovery/mdns-discovery_v1.0.12_Linux_64bit.tar.gz"
      },
      "original": {
        "type": "file",
        "url": "https://downloads.arduino.cc/discovery/mdns-discovery/mdns-discovery_v1.0.12_Linux_64bit.tar.gz"
      }
    },
    "arduino-discovery-serial": {
      "flake": false,
      "locked": {
        "narHash": "sha256-+1mUX2KSofnCHwa9Q4FKWKWrKc8/yn+f4uGPcrMInmw=",
        "type": "file",
        "url": "https://downloads.arduino.cc/discovery/serial-discovery/serial-discovery_v1.4.3_Linux_64bit.tar.gz"
      },
      "original": {
        "type": "file",
        "url": "https://downloads.arduino.cc/discovery/serial-discovery/serial-discovery_v1.4.3_Linux_64bit.tar.gz"
      }
    },
    "arduino-lib-json": {
      "flake": false,
      "locked": {
        "narHash": "sha256-+2oD35exhxcYddu9oEIVIJ6zPv8z3u2/CATDrfbSZDQ=",
        "type": "file",
        "url": "https://downloads.arduino.cc/libraries/library_index.json"
      },
      "original": {
        "type": "file",
        "url": "https://downloads.arduino.cc/libraries/library_index.json"
      }
    },
    "arduino-monitor-serial": {
      "flake": false,
      "locked": {
        "narHash": "sha256-bjzExV4FSEMBVfLUCxO4SkKraShZXOvv1iXN3IstBZc=",
        "type": "file",
        "url": "https://downloads.arduino.cc/monitor/serial-monitor/serial-monitor_v0.15.0_Linux_64bit.tar.gz"
      },
      "original": {
        "type": "file",
        "url": "https://downloads.arduino.cc/monitor/serial-monitor/serial-monitor_v0.15.0_Linux_64bit.tar.gz"
      }
    },
    "arduino-pkgs-json": {
      "flake": false,
      "locked": {
        "narHash": "sha256-AjfAzwFCG6hHczCRD6iu89mGOnAFLvsJ73vSIPxifUs=",
        "type": "file",
        "url": "https://downloads.arduino.cc/packages/package_index.json"
      },
      "original": {
        "type": "file",
        "url": "https://downloads.arduino.cc/packages/package_index.json"
      }
    },
    "arduino-tools-avr-gcc": {
      "flake": false,
      "locked": {
        "narHash": "sha256-UIG580IoBXQ+JN5TfKhujJcJca2pnrsm//dodV1GOkM=",
        "type": "file",
        "url": "https://downloads.arduino.cc/tools/avr-gcc-7.3.0-atmel3.6.1-arduino7-x86_64-pc-linux-gnu.tar.bz2"
      },
      "original": {
        "type": "file",
        "url": "https://downloads.arduino.cc/tools/avr-gcc-7.3.0-atmel3.6.1-arduino7-x86_64-pc-linux-gnu.tar.bz2"
      }
    },
    "arduino-tools-avrdude": {
      "flake": false,
      "locked": {
        "narHash": "sha256-+LAWQeUDEYlJ5+T2T8gv7WE7EFFcCdlKN6+ezi5o0kU=",
        "type": "file",
        "url": "https://downloads.arduino.cc/tools/avrdude-6.3.0-arduino17-x86_64-pc-linux-gnu.tar.bz2"
      },
      "original": {
        "type": "file",
        "url": "https://downloads.arduino.cc/tools/avrdude-6.3.0-arduino17-x86_64-pc-linux-gnu.tar.bz2"
      }
    },
    "arduino-tools-ctags": {
      "flake": false,
      "locked": {
        "narHash": "sha256-qe4l6mMql2ekvK2t9KgQm1qiQGl7uhuS7K67e1utpf0=",
        "type": "file",
        "url": "https://downloads.arduino.cc/tools/ctags-5.8-arduino11-pm-x86_64-pc-linux-gnu.tar.bz2"
      },
      "original": {
        "type": "file",
        "url": "https://downloads.arduino.cc/tools/ctags-5.8-arduino11-pm-x86_64-pc-linux-gnu.tar.bz2"
      }
    },
    "arduino-tools-dfu-util": {
      "flake": false,
      "locked": {
        "narHash": "sha256-Zjx7fjkKJ0x8vmbV3fdRYTF7KQVH5RsOGPXF6H9i6VY=",
        "type": "file",
        "url": "https://downloads.arduino.cc/tools/dfu-util-0.11.0-arduino3-linux64.tar.bz2"
      },
      "original": {
        "type": "file",
        "url": "https://downloads.arduino.cc/tools/dfu-util-0.11.0-arduino3-linux64.tar.bz2"
      }
    },
    "arduino-tools-ota": {
      "flake": false,
      "locked": {
        "narHash": "sha256-OY0mYW6M9NjxpI5jwf38w4CoC9lmP7GGpCd4v5xzLhM=",
        "type": "file",
        "url": "https://downloads.arduino.cc/tools/arduinoOTA-1.3.0-linux_amd64.tar.bz2"
      },
      "original": {
        "type": "file",
        "url": "https://downloads.arduino.cc/tools/arduinoOTA-1.3.0-linux_amd64.tar.bz2"
      }
    },
    "arduino-xpack-arm": {
      "flake": false,
      "locked": {
        "narHash": "sha256-c+7rE0Vq1ziMgVjfP4/3wEyhz6jFszagFl2GrmW/3kU=",
        "type": "file",
        "url": "https://github.com/xpack-dev-tools/arm-none-eabi-gcc-xpack/releases/download/v9.3.1-1.3/xpack-arm-none-eabi-gcc-9.3.1-1.3-linux-x64.tar.gz"
      },
      "original": {
        "type": "file",
        "url": "https://github.com/xpack-dev-tools/arm-none-eabi-gcc-xpack/releases/download/v9.3.1-1.3/xpack-arm-none-eabi-gcc-9.3.1-1.3-linux-x64.tar.gz"
      }
    },
    "arduino-xpack-openocd": {
      "flake": false,
      "locked": {
        "narHash": "sha256-ix6DUc0SHXjqUToxsaKkwfgO+YL6cL9rS85Unp9qfZY=",
        "type": "file",
        "url": "https://github.com/xpack-dev-tools/openocd-xpack/releases/download/v0.11.0-1/xpack-openocd-0.11.0-1-linux-x64.tar.gz"
      },
      "original": {
        "type": "file",
        "url": "https://github.com/xpack-dev-tools/openocd-xpack/releases/download/v0.11.0-1/xpack-openocd-0.11.0-1-linux-x64.tar.gz"
      }
    },
    "devshell": {
      "inputs": {
        "nixpkgs": "nixpkgs"
      },
      "locked": {
        "lastModified": 1764011051,
        "narHash": "sha256-M7SZyPZiqZUR/EiiBJnmyUbOi5oE/03tCeFrTiUZchI=",
        "owner": "numtide",
        "repo": "devshell",
        "rev": "17ed8d9744ebe70424659b0ef74ad6d41fc87071",
        "type": "github"
      },
      "original": {
        "owner": "numtide",
        "repo": "devshell",
        "type": "github"
      }
    },
    "flake-compat": {
      "locked": {
        "lastModified": 1733328505,
        "narHash": "sha256-NeCCThCEP3eCl2l/+27kNNK7QrwZB1IJCrXfrbv5oqU=",
        "rev": "ff81ac966bb2cae68946d5ed5fc4994f96d0ffec",
        "revCount": 69,
        "type": "tarball",
        "url": "https://api.flakehub.com/f/pinned/edolstra/flake-compat/1.1.0/01948eb7-9cba-704f-bbf3-3fa956735b52/source.tar.gz"
      },
      "original": {
        "type": "tarball",
        "url": "https://flakehub.com/f/edolstra/flake-compat/%2A.tar.gz"
      }
    },
    "flake-parts": {
      "inputs": {
        "nixpkgs-lib": "nixpkgs-lib"
      },
      "locked": {
        "lastModified": 1765835352,
        "narHash": "sha256-XswHlK/Qtjasvhd1nOa1e8MgZ8GS//jBoTqWtrS1Giw=",
        "owner": "hercules-ci",
        "repo": "flake-parts",
        "rev": "a34fae9c08a15ad73f295041fec82323541400a9",
        "type": "github"
      },
      "original": {
        "owner": "hercules-ci",
        "repo": "flake-parts",
        "type": "github"
      }
    },
    "keyboardio-arduinocore": {
      "flake": false,
      "locked": {
        "lastModified": 1702922810,
        "narHash": "sha256-FShdwVrz8Md8EJcJMa7PGPcLALo0Wb+AxXOkHetG/Lw=",
        "ref": "refs/heads/main",
        "rev": "d73e13cdb2abb7ede03fc56ca2576a983e38b773",
        "revCount": 457,
        "submodules": true,
        "type": "git",
        "url": "https://github.com/keyboardio/ArduinoCore-GD32-Keyboardio"
      },
      "original": {
        "submodules": true,
        "type": "git",
        "url": "https://github.com/keyboardio/ArduinoCore-GD32-Keyboardio"
      }
    },
    "keyboardio-boardsmanager": {
      "flake": false,
      "locked": {
        "narHash": "sha256-66Fgn46N9fb0g2u9jIm5V6Fc8W9l9lAGx9TpjX681sA=",
        "type": "file",
        "url": "https://raw.githubusercontent.com/keyboardio/boardsmanager/master/devel/package_kaleidoscope_devel_index.json"
      },
      "original": {
        "type": "file",
        "url": "https://raw.githubusercontent.com/keyboardio/boardsmanager/master/devel/package_kaleidoscope_devel_index.json"
      }
    },
    "keyboardio-kaleidoscope-bundle": {
      "flake": false,
      "locked": {
        "lastModified": 1733784470,
        "narHash": "sha256-lzG4AX306vpvS6NbFIdN06n/51w5MpbX1xYChpac2kc=",
        "ref": "refs/heads/master",
        "rev": "2633e79ed2cf7f04bfef01d1432b39d8bb85e48d",
        "revCount": 307,
        "submodules": true,
        "type": "git",
        "url": "https://github.com/keyboardio/Kaleidoscope-Bundle-Keyboardio"
      },
      "original": {
        "submodules": true,
        "type": "git",
        "url": "https://github.com/keyboardio/Kaleidoscope-Bundle-Keyboardio"
      }
    },
    "keyboardio-kaleidoscope-factory": {
      "flake": false,
      "locked": {
        "lastModified": 1758864653,
        "narHash": "sha256-Gy1ExawV7wcWbqL3KQcumBJmaXsGxt/5GeNlFi3G4SI=",
        "ref": "refs/heads/master",
        "rev": "d07904a66196cba7a4f2abb8f31d087fd8b72f2b",
        "revCount": 6585,
        "type": "git",
        "url": "https://github.com/keyboardio/Kaleidoscope"
      },
      "original": {
        "type": "git",
        "url": "https://github.com/keyboardio/Kaleidoscope"
      }
    },
    "keymaps-ergodoxez": {
      "flake": false,
      "locked": {
        "lastModified": 1702999846,
        "narHash": "sha256-KBOhWkU39n8Og1D1CaFf67ReS3MXLUWGpbAVbA6cy4Q=",
        "owner": "shajra",
        "repo": "empty",
        "rev": "a5d71e382bfc85f6e3ed135ff35f16c83aa62828",
        "type": "github"
      },
      "original": {
        "owner": "shajra",
        "repo": "empty",
        "type": "github"
      }
    },
    "keymaps-model01": {
      "flake": false,
      "locked": {
        "lastModified": 1702999846,
        "narHash": "sha256-KBOhWkU39n8Og1D1CaFf67ReS3MXLUWGpbAVbA6cy4Q=",
        "owner": "shajra",
        "repo": "empty",
        "rev": "a5d71e382bfc85f6e3ed135ff35f16c83aa62828",
        "type": "github"
      },
      "original": {
        "owner": "shajra",
        "repo": "empty",
        "type": "github"
      }
    },
    "keymaps-model100": {
      "flake": false,
      "locked": {
        "lastModified": 1702999846,
        "narHash": "sha256-KBOhWkU39n8Og1D1CaFf67ReS3MXLUWGpbAVbA6cy4Q=",
        "owner": "shajra",
        "repo": "empty",
        "rev": "a5d71e382bfc85f6e3ed135ff35f16c83aa62828",
        "type": "github"
      },
      "original": {
        "owner": "shajra",
        "repo": "empty",
        "type": "github"
      }
    },
    "keymaps-moonlander": {
      "flake": false,
      "locked": {
        "lastModified": 1702999846,
        "narHash": "sha256-KBOhWkU39n8Og1D1CaFf67ReS3MXLUWGpbAVbA6cy4Q=",
        "owner": "shajra",
        "repo": "empty",
        "rev": "a5d71e382bfc85f6e3ed135ff35f16c83aa62828",
        "type": "github"
      },
      "original": {
        "owner": "shajra",
        "repo": "empty",
        "type": "github"
      }
    },
    "nix-project": {
      "inputs": {
        "devshell": "devshell",
        "flake-compat": "flake-compat",
        "flake-parts": "flake-parts",
        "nixpkgs-master": "nixpkgs-master",
        "nixpkgs-stable-darwin": "nixpkgs-stable-darwin",
        "nixpkgs-stable-linux": "nixpkgs-stable-linux",
        "nixpkgs-unstable": "nixpkgs-unstable",
        "ox-gfm": "ox-gfm",
        "sops-nix": "sops-nix",
        "treefmt-nix": "treefmt-nix"
      },
      "locked": {
        "lastModified": 1767105872,
        "narHash": "sha256-XU578RsRAMPICSXwGj9rnItVKzEXvLib14c41hVM1gQ=",
        "owner": "shajra",
        "repo": "nix-project",
        "rev": "73b5a842e89ab18b55f25e9b4b48027d01653aa3",
        "type": "github"
      },
      "original": {
        "owner": "shajra",
        "repo": "nix-project",
        "type": "github"
      }
    },
    "nixpkgs": {
      "locked": {
        "lastModified": 1762156382,
        "narHash": "sha256-Yg7Ag7ov5+36jEFC1DaZh/12SEXo6OO3/8rqADRxiqs=",
        "owner": "NixOS",
        "repo": "nixpkgs",
        "rev": "7241bcbb4f099a66aafca120d37c65e8dda32717",
        "type": "github"
      },
      "original": {
        "owner": "NixOS",
        "ref": "nixpkgs-unstable",
        "repo": "nixpkgs",
        "type": "github"
      }
    },
    "nixpkgs-lib": {
      "locked": {
        "lastModified": 1765674936,
        "narHash": "sha256-k00uTP4JNfmejrCLJOwdObYC9jHRrr/5M/a/8L2EIdo=",
        "owner": "nix-community",
        "repo": "nixpkgs.lib",
        "rev": "2075416fcb47225d9b68ac469a5c4801a9c4dd85",
        "type": "github"
      },
      "original": {
        "owner": "nix-community",
        "repo": "nixpkgs.lib",
        "type": "github"
      }
    },
    "nixpkgs-master": {
      "locked": {
        "lastModified": 1767104042,
        "narHash": "sha256-hh0FVL/7oh6Pa1+O9z36NvbuoJLJeTo+d6ugeT1mp6Q=",
        "owner": "NixOS",
        "repo": "nixpkgs",
        "rev": "8e5bcf7fb49f2c4cf7edd6067f5c581b0144b7de",
        "type": "github"
      },
      "original": {
        "owner": "NixOS",
        "ref": "master",
        "repo": "nixpkgs",
        "type": "github"
      }
    },
    "nixpkgs-stable-darwin": {
      "locked": {
        "lastModified": 1767018703,
        "narHash": "sha256-IsS/nB8LKQ5L8meu8HTVemYgLzn6M/Kib1/vJ1bq/5Y=",
        "owner": "NixOS",
        "repo": "nixpkgs",
        "rev": "a373b32328b40ab7c493852299ca6845ad691ff3",
        "type": "github"
      },
      "original": {
        "owner": "NixOS",
        "ref": "nixpkgs-25.11-darwin",
        "repo": "nixpkgs",
        "type": "github"
      }
    },
    "nixpkgs-stable-linux": {
      "locked": {
        "lastModified": 1766885793,
        "narHash": "sha256-P6RVkrM9JLCW6xBjSwHfgTOQ1JwBUma5xe5LI8xAPC0=",
        "owner": "NixOS",
        "repo": "nixpkgs",
        "rev": "9ef261221d1e72399f2036786498d78c38185c46",
        "type": "github"
      },
      "original": {
        "owner": "NixOS",
        "ref": "nixos-25.11",
        "repo": "nixpkgs",
        "type": "github"
      }
    },
    "nixpkgs-unstable": {
      "locked": {
        "lastModified": 1767026758,
        "narHash": "sha256-7fsac/f7nh/VaKJ/qm3I338+wAJa/3J57cOGpXi0Sbg=",
        "owner": "NixOS",
        "repo": "nixpkgs",
        "rev": "346dd96ad74dc4457a9db9de4f4f57dab2e5731d",
        "type": "github"
      },
      "original": {
        "owner": "NixOS",
        "ref": "nixpkgs-unstable",
        "repo": "nixpkgs",
        "type": "github"
      }
    },
    "nixpkgs_2": {
      "locked": {
        "lastModified": 1766840161,
        "narHash": "sha256-Ss/LHpJJsng8vz1Pe33RSGIWUOcqM1fjrehjUkdrWio=",
        "owner": "NixOS",
        "repo": "nixpkgs",
        "rev": "3edc4a30ed3903fdf6f90c837f961fa6b49582d1",
        "type": "github"
      },
      "original": {
        "owner": "NixOS",
        "ref": "nixpkgs-unstable",
        "repo": "nixpkgs",
        "type": "github"
      }
    },
    "nixpkgs_3": {
      "locked": {
        "lastModified": 1761236834,
        "narHash": "sha256-+pthv6hrL5VLW2UqPdISGuLiUZ6SnAXdd2DdUE+fV2Q=",
        "owner": "nixos",
        "repo": "nixpkgs",
        "rev": "d5faa84122bc0a1fd5d378492efce4e289f8eac1",
        "type": "github"
      },
      "original": {
        "owner": "nixos",
        "ref": "nixpkgs-unstable",
        "repo": "nixpkgs",
        "type": "github"
      }
    },
    "ox-gfm": {
      "flake": false,
      "locked": {
        "lastModified": 1479132511,
        "narHash": "sha256-Grot+0iay2nw/08bpC0i2B59HstdNq1kEZodn3D/GFA=",
        "owner": "syl20bnr",
        "repo": "ox-gfm",
        "rev": "352ab00a5e06d042700bf7955f9ace48c503c1c8",
        "type": "github"
      },
      "original": {
        "owner": "syl20bnr",
        "repo": "ox-gfm",
        "type": "github"
      }
    },
    "qmk-factory": {
      "flake": false,
      "locked": {
        "lastModified": 1766622290,
        "narHash": "sha256-juZ7/m2QflRn+NTOqiQqmtPjn6LCiMUM/gjRGb9GQos=",
        "ref": "refs/heads/master",
        "rev": "acbeec29dab5331fe914f35a53d6b43325881e4d",
        "revCount": 29243,
        "submodules": true,
        "type": "git",
        "url": "https://github.com/qmk/qmk_firmware"
      },
      "original": {
        "submodules": true,
        "type": "git",
        "url": "https://github.com/qmk/qmk_firmware"
      }
    },
    "root": {
      "inputs": {
        "arduino-boardsmanager-empty": "arduino-boardsmanager-empty",
        "arduino-cores-avr": "arduino-cores-avr",
        "arduino-discovery-dfu": "arduino-discovery-dfu",
        "arduino-discovery-mdns": "arduino-discovery-mdns",
        "arduino-discovery-serial": "arduino-discovery-serial",
        "arduino-lib-json": "arduino-lib-json",
        "arduino-monitor-serial": "arduino-monitor-serial",
        "arduino-pkgs-json": "arduino-pkgs-json",
        "arduino-tools-avr-gcc": "arduino-tools-avr-gcc",
        "arduino-tools-avrdude": "arduino-tools-avrdude",
        "arduino-tools-ctags": "arduino-tools-ctags",
        "arduino-tools-dfu-util": "arduino-tools-dfu-util",
        "arduino-tools-ota": "arduino-tools-ota",
        "arduino-xpack-arm": "arduino-xpack-arm",
        "arduino-xpack-openocd": "arduino-xpack-openocd",
        "devshell": [
          "nix-project",
          "devshell"
        ],
        "flake-parts": [
          "nix-project",
          "flake-parts"
        ],
        "keyboardio-arduinocore": "keyboardio-arduinocore",
        "keyboardio-boardsmanager": "keyboardio-boardsmanager",
        "keyboardio-kaleidoscope-bundle": "keyboardio-kaleidoscope-bundle",
        "keyboardio-kaleidoscope-factory": "keyboardio-kaleidoscope-factory",
        "keymaps-ergodoxez": "keymaps-ergodoxez",
        "keymaps-model01": "keymaps-model01",
        "keymaps-model100": "keymaps-model100",
        "keymaps-moonlander": "keymaps-moonlander",
        "nix-project": "nix-project",
        "qmk-factory": "qmk-factory",
        "treefmt-nix": [
          "nix-project",
          "treefmt-nix"
        ]
      }
    },
    "sops-nix": {
      "inputs": {
        "nixpkgs": "nixpkgs_2"
      },
      "locked": {
        "lastModified": 1766894905,
        "narHash": "sha256-pn8AxxfajqyR/Dmr1wnZYdUXHgM3u6z9x0Z1Ijmz2UQ=",
        "owner": "Mic92",
        "repo": "sops-nix",
        "rev": "61b39c7b657081c2adc91b75dd3ad8a91d6f07a7",
        "type": "github"
      },
      "original": {
        "owner": "Mic92",
        "repo": "sops-nix",
        "type": "github"
      }
    },
    "treefmt-nix": {
      "inputs": {
        "nixpkgs": "nixpkgs_3"
      },
      "locked": {
        "lastModified": 1767086983,
        "narHash": "sha256-l4c8HQkgsB15BUZI1SHLAZHQ7822iIkJtOsdIuXIO4s=",
        "owner": "numtide",
        "repo": "treefmt-nix",
        "rev": "c9eb5bb179067ddced348aca023a3fbf8b5832c5",
        "type": "github"
      },
      "original": {
        "owner": "numtide",
        "repo": "treefmt-nix",
        "type": "github"
      }
    }
  },
  "root": "root",
  "version": 7
}
