{
  "nodes": {
    "arduino-boardsmanager-empty": {
      "flake": false,
      "locked": {
        "narHash": "sha256-unWuDYkD7SK2Kud2MjUNQDZ0yrrclpiEC485R91SouI=",
        "type": "file",
        "url": "https://github.com/keyboardio/boardsmanager/raw/main/devel/empty.tbz"
      },
      "original": {
        "type": "file",
        "url": "https://github.com/keyboardio/boardsmanager/raw/main/devel/empty.tbz"
      }
    },
    "arduino-cores-avr": {
      "flake": false,
      "locked": {
        "narHash": "sha256-cSp3OAYHiOyXAhCrB4g76JsvBogo0JZzN6/QlFJyIZg=",
        "type": "file",
        "url": "http://downloads.arduino.cc/cores/staging/avr-1.8.6.tar.bz2"
      },
      "original": {
        "type": "file",
        "url": "http://downloads.arduino.cc/cores/staging/avr-1.8.6.tar.bz2"
      }
    },
    "arduino-discovery-dfu": {
      "flake": false,
      "locked": {
        "narHash": "sha256-x2uG4rxFeCJ/ZQZG3EDs1YcKhXfDS7CHzf1atIDA+mE=",
        "type": "file",
        "url": "https://downloads.arduino.cc/discovery/dfu-discovery/dfu-discovery_v0.1.2_Linux_64bit.tar.gz"
      },
      "original": {
        "type": "file",
        "url": "https://downloads.arduino.cc/discovery/dfu-discovery/dfu-discovery_v0.1.2_Linux_64bit.tar.gz"
      }
    },
    "arduino-discovery-mdns": {
      "flake": false,
      "locked": {
        "narHash": "sha256-r1N+VdzpGjwkWUN7sAbWQJGQ79k3S4ymPLBVvhvQA0c=",
        "type": "file",
        "url": "https://downloads.arduino.cc/discovery/mdns-discovery/mdns-discovery_v1.0.9_Linux_64bit.tar.gz"
      },
      "original": {
        "type": "file",
        "url": "https://downloads.arduino.cc/discovery/mdns-discovery/mdns-discovery_v1.0.9_Linux_64bit.tar.gz"
      }
    },
    "arduino-discovery-serial": {
      "flake": false,
      "locked": {
        "narHash": "sha256-xeLYzTzFLYx3++8JmOLTOqbCpBLwEt8N/WN/6mNxgxU=",
        "type": "file",
        "url": "https://downloads.arduino.cc/discovery/serial-discovery/serial-discovery_v1.4.0_Linux_64bit.tar.gz"
      },
      "original": {
        "type": "file",
        "url": "https://downloads.arduino.cc/discovery/serial-discovery/serial-discovery_v1.4.0_Linux_64bit.tar.gz"
      }
    },
    "arduino-monitor-serial": {
      "flake": false,
      "locked": {
        "narHash": "sha256-8Oe1y7lsglzr/QabvNBn8xux3At71iYF0q/TE9SIsjg=",
        "type": "file",
        "url": "https://downloads.arduino.cc/monitor/serial-monitor/serial-monitor_v0.13.0_Linux_64bit.tar.gz"
      },
      "original": {
        "type": "file",
        "url": "https://downloads.arduino.cc/monitor/serial-monitor/serial-monitor_v0.13.0_Linux_64bit.tar.gz"
      }
    },
    "arduino-tools-avr-gcc": {
      "flake": false,
      "locked": {
        "narHash": "sha256-UIG580IoBXQ+JN5TfKhujJcJca2pnrsm//dodV1GOkM=",
        "type": "file",
        "url": "http://downloads.arduino.cc/tools/avr-gcc-7.3.0-atmel3.6.1-arduino7-x86_64-pc-linux-gnu.tar.bz2"
      },
      "original": {
        "type": "file",
        "url": "http://downloads.arduino.cc/tools/avr-gcc-7.3.0-atmel3.6.1-arduino7-x86_64-pc-linux-gnu.tar.bz2"
      }
    },
    "arduino-tools-avrdude": {
      "flake": false,
      "locked": {
        "narHash": "sha256-+LAWQeUDEYlJ5+T2T8gv7WE7EFFcCdlKN6+ezi5o0kU=",
        "type": "file",
        "url": "http://downloads.arduino.cc/tools/avrdude-6.3.0-arduino17-x86_64-pc-linux-gnu.tar.bz2"
      },
      "original": {
        "type": "file",
        "url": "http://downloads.arduino.cc/tools/avrdude-6.3.0-arduino17-x86_64-pc-linux-gnu.tar.bz2"
      }
    },
    "arduino-tools-ctags": {
      "flake": false,
      "locked": {
        "narHash": "sha256-qe4l6mMql2ekvK2t9KgQm1qiQGl7uhuS7K67e1utpf0=",
        "type": "file",
        "url": "https://downloads.arduino.cc/tools/ctags-5.8-arduino11-pm-x86_64-pc-linux-gnu.tar.bz2"
      },
      "original": {
        "type": "file",
        "url": "https://downloads.arduino.cc/tools/ctags-5.8-arduino11-pm-x86_64-pc-linux-gnu.tar.bz2"
      }
    },
    "arduino-tools-dfu-util": {
      "flake": false,
      "locked": {
        "narHash": "sha256-Zjx7fjkKJ0x8vmbV3fdRYTF7KQVH5RsOGPXF6H9i6VY=",
        "type": "file",
        "url": "https://downloads.arduino.cc/tools/dfu-util-0.11.0-arduino3-linux64.tar.bz2"
      },
      "original": {
        "type": "file",
        "url": "https://downloads.arduino.cc/tools/dfu-util-0.11.0-arduino3-linux64.tar.bz2"
      }
    },
    "arduino-tools-ota": {
      "flake": false,
      "locked": {
        "narHash": "sha256-OY0mYW6M9NjxpI5jwf38w4CoC9lmP7GGpCd4v5xzLhM=",
        "type": "file",
        "url": "http://downloads.arduino.cc/tools/arduinoOTA-1.3.0-linux_amd64.tar.bz2"
      },
      "original": {
        "type": "file",
        "url": "http://downloads.arduino.cc/tools/arduinoOTA-1.3.0-linux_amd64.tar.bz2"
      }
    },
    "arduino-xpack-arm": {
      "flake": false,
      "locked": {
        "narHash": "sha256-c+7rE0Vq1ziMgVjfP4/3wEyhz6jFszagFl2GrmW/3kU=",
        "type": "file",
        "url": "https://github.com/xpack-dev-tools/arm-none-eabi-gcc-xpack/releases/download/v9.3.1-1.3/xpack-arm-none-eabi-gcc-9.3.1-1.3-linux-x64.tar.gz"
      },
      "original": {
        "type": "file",
        "url": "https://github.com/xpack-dev-tools/arm-none-eabi-gcc-xpack/releases/download/v9.3.1-1.3/xpack-arm-none-eabi-gcc-9.3.1-1.3-linux-x64.tar.gz"
      }
    },
    "arduino-xpack-openocd": {
      "flake": false,
      "locked": {
        "narHash": "sha256-ix6DUc0SHXjqUToxsaKkwfgO+YL6cL9rS85Unp9qfZY=",
        "type": "file",
        "url": "https://github.com/xpack-dev-tools/openocd-xpack/releases/download/v0.11.0-1/xpack-openocd-0.11.0-1-linux-x64.tar.gz"
      },
      "original": {
        "type": "file",
        "url": "https://github.com/xpack-dev-tools/openocd-xpack/releases/download/v0.11.0-1/xpack-openocd-0.11.0-1-linux-x64.tar.gz"
      }
    },
    "flake-compat": {
      "flake": false,
      "locked": {
        "lastModified": 1696426674,
        "narHash": "sha256-kvjfFW7WAETZlt09AgDn1MrtKzP7t90Vf7vypd3OL1U=",
        "owner": "edolstra",
        "repo": "flake-compat",
        "rev": "0f9255e01c2351cc7d116c072cb317785dd33b33",
        "type": "github"
      },
      "original": {
        "owner": "edolstra",
        "repo": "flake-compat",
        "type": "github"
      }
    },
    "flake-parts": {
      "inputs": {
        "nixpkgs-lib": "nixpkgs-lib"
      },
      "locked": {
        "lastModified": 1706830856,
        "narHash": "sha256-a0NYyp+h9hlb7ddVz4LUn1vT/PLwqfrWYcHMvFB1xYg=",
        "owner": "hercules-ci",
        "repo": "flake-parts",
        "rev": "b253292d9c0a5ead9bc98c4e9a26c6312e27d69f",
        "type": "github"
      },
      "original": {
        "owner": "hercules-ci",
        "repo": "flake-parts",
        "type": "github"
      }
    },
    "flake-parts_2": {
      "inputs": {
        "nixpkgs-lib": "nixpkgs-lib_2"
      },
      "locked": {
        "lastModified": 1706830856,
        "narHash": "sha256-a0NYyp+h9hlb7ddVz4LUn1vT/PLwqfrWYcHMvFB1xYg=",
        "owner": "hercules-ci",
        "repo": "flake-parts",
        "rev": "b253292d9c0a5ead9bc98c4e9a26c6312e27d69f",
        "type": "github"
      },
      "original": {
        "owner": "hercules-ci",
        "repo": "flake-parts",
        "type": "github"
      }
    },
    "keyboardio-arduinocore": {
      "flake": false,
      "locked": {
        "lastModified": 1702922810,
        "narHash": "sha256-FShdwVrz8Md8EJcJMa7PGPcLALo0Wb+AxXOkHetG/Lw=",
        "ref": "refs/heads/main",
        "rev": "d73e13cdb2abb7ede03fc56ca2576a983e38b773",
        "revCount": 457,
        "submodules": true,
        "type": "git",
        "url": "https://github.com/keyboardio/ArduinoCore-GD32-Keyboardio"
      },
      "original": {
        "submodules": true,
        "type": "git",
        "url": "https://github.com/keyboardio/ArduinoCore-GD32-Keyboardio"
      }
    },
    "keyboardio-kaleidoscope-bundle": {
      "flake": false,
      "locked": {
        "lastModified": 1706808865,
        "narHash": "sha256-GQP0X7TpSt8bH4jrzaxDZ92fTppBO7RMm3kLaIgfVM8=",
        "ref": "refs/heads/master",
        "rev": "494587ad6121cafbacd001a3d527d5e95ea29278",
        "revCount": 302,
        "submodules": true,
        "type": "git",
        "url": "https://github.com/keyboardio/Kaleidoscope-Bundle-Keyboardio"
      },
      "original": {
        "submodules": true,
        "type": "git",
        "url": "https://github.com/keyboardio/Kaleidoscope-Bundle-Keyboardio"
      }
    },
    "keyboardio-kaleidoscope-factory": {
      "flake": false,
      "locked": {
        "lastModified": 1706044554,
        "narHash": "sha256-vqH5ZSPycEJzZyJp5Gu97QYNH3ZMt0NxH489MKhpC1M=",
        "ref": "refs/heads/master",
        "rev": "1780dc9c8076374cc733dfb9ba7626840958b7ca",
        "revCount": 6207,
        "type": "git",
        "url": "https://github.com/keyboardio/Kaleidoscope"
      },
      "original": {
        "type": "git",
        "url": "https://github.com/keyboardio/Kaleidoscope"
      }
    },
    "keymaps-ergodoxez": {
      "flake": false,
      "locked": {
        "lastModified": 1702999846,
        "narHash": "sha256-KBOhWkU39n8Og1D1CaFf67ReS3MXLUWGpbAVbA6cy4Q=",
        "owner": "shajra",
        "repo": "empty",
        "rev": "a5d71e382bfc85f6e3ed135ff35f16c83aa62828",
        "type": "github"
      },
      "original": {
        "owner": "shajra",
        "repo": "empty",
        "type": "github"
      }
    },
    "keymaps-model01": {
      "flake": false,
      "locked": {
        "lastModified": 1702999846,
        "narHash": "sha256-KBOhWkU39n8Og1D1CaFf67ReS3MXLUWGpbAVbA6cy4Q=",
        "owner": "shajra",
        "repo": "empty",
        "rev": "a5d71e382bfc85f6e3ed135ff35f16c83aa62828",
        "type": "github"
      },
      "original": {
        "owner": "shajra",
        "repo": "empty",
        "type": "github"
      }
    },
    "keymaps-model100": {
      "flake": false,
      "locked": {
        "lastModified": 1702999846,
        "narHash": "sha256-KBOhWkU39n8Og1D1CaFf67ReS3MXLUWGpbAVbA6cy4Q=",
        "owner": "shajra",
        "repo": "empty",
        "rev": "a5d71e382bfc85f6e3ed135ff35f16c83aa62828",
        "type": "github"
      },
      "original": {
        "owner": "shajra",
        "repo": "empty",
        "type": "github"
      }
    },
    "keymaps-moonlander": {
      "flake": false,
      "locked": {
        "lastModified": 1702999846,
        "narHash": "sha256-KBOhWkU39n8Og1D1CaFf67ReS3MXLUWGpbAVbA6cy4Q=",
        "owner": "shajra",
        "repo": "empty",
        "rev": "a5d71e382bfc85f6e3ed135ff35f16c83aa62828",
        "type": "github"
      },
      "original": {
        "owner": "shajra",
        "repo": "empty",
        "type": "github"
      }
    },
    "nix-project": {
      "inputs": {
        "flake-compat": "flake-compat",
        "flake-parts": "flake-parts_2",
        "nixpkgs-master": "nixpkgs-master",
        "nixpkgs-stable-darwin": "nixpkgs-stable-darwin",
        "nixpkgs-stable-linux": "nixpkgs-stable-linux",
        "nixpkgs-unstable": "nixpkgs-unstable",
        "ox-gfm": "ox-gfm"
      },
      "locked": {
        "lastModified": 1707026290,
        "narHash": "sha256-eLXFCLZXsFNxrlet/A268LypG5SEHbXHl0JHzqthIBk=",
        "owner": "shajra",
        "repo": "nix-project",
        "rev": "f7461753eba229b57e699b4dd564136360dbf297",
        "type": "github"
      },
      "original": {
        "owner": "shajra",
        "repo": "nix-project",
        "type": "github"
      }
    },
    "nixpkgs-lib": {
      "locked": {
        "dir": "lib",
        "lastModified": 1706550542,
        "narHash": "sha256-UcsnCG6wx++23yeER4Hg18CXWbgNpqNXcHIo5/1Y+hc=",
        "owner": "NixOS",
        "repo": "nixpkgs",
        "rev": "97b17f32362e475016f942bbdfda4a4a72a8a652",
        "type": "github"
      },
      "original": {
        "dir": "lib",
        "owner": "NixOS",
        "ref": "nixos-unstable",
        "repo": "nixpkgs",
        "type": "github"
      }
    },
    "nixpkgs-lib_2": {
      "locked": {
        "dir": "lib",
        "lastModified": 1706550542,
        "narHash": "sha256-UcsnCG6wx++23yeER4Hg18CXWbgNpqNXcHIo5/1Y+hc=",
        "owner": "NixOS",
        "repo": "nixpkgs",
        "rev": "97b17f32362e475016f942bbdfda4a4a72a8a652",
        "type": "github"
      },
      "original": {
        "dir": "lib",
        "owner": "NixOS",
        "ref": "nixos-unstable",
        "repo": "nixpkgs",
        "type": "github"
      }
    },
    "nixpkgs-master": {
      "locked": {
        "lastModified": 1707016070,
        "narHash": "sha256-P1bbrI4hYdCIg/XVS44xiHl1OHM68vlNP6L6YRQsUdM=",
        "owner": "NixOS",
        "repo": "nixpkgs",
        "rev": "e1297790f1c4ef4f607a907ba9ce0c4b3a557609",
        "type": "github"
      },
      "original": {
        "owner": "NixOS",
        "ref": "master",
        "repo": "nixpkgs",
        "type": "github"
      }
    },
    "nixpkgs-stable-darwin": {
      "locked": {
        "lastModified": 1706922953,
        "narHash": "sha256-45hHA6vQBIcn5bqxi5rtOO+r5rXKSqfWButJJQLHT1s=",
        "owner": "NixOS",
        "repo": "nixpkgs",
        "rev": "4f24018c731df5f1d522aefb0b9c958e2a701552",
        "type": "github"
      },
      "original": {
        "owner": "NixOS",
        "ref": "nixpkgs-23.11-darwin",
        "repo": "nixpkgs",
        "type": "github"
      }
    },
    "nixpkgs-stable-linux": {
      "locked": {
        "lastModified": 1706826059,
        "narHash": "sha256-N69Oab+cbt3flLvYv8fYnEHlBsWwdKciNZHUbynVEOA=",
        "owner": "NixOS",
        "repo": "nixpkgs",
        "rev": "25e3d4c0d3591c99929b1ec07883177f6ea70c9d",
        "type": "github"
      },
      "original": {
        "owner": "NixOS",
        "ref": "nixos-23.11",
        "repo": "nixpkgs",
        "type": "github"
      }
    },
    "nixpkgs-unstable": {
      "locked": {
        "lastModified": 1706925685,
        "narHash": "sha256-hVInjWMmgH4yZgA4ZtbgJM1qEAel72SYhP5nOWX4UIM=",
        "owner": "NixOS",
        "repo": "nixpkgs",
        "rev": "79a13f1437e149dc7be2d1290c74d378dad60814",
        "type": "github"
      },
      "original": {
        "owner": "NixOS",
        "ref": "nixpkgs-unstable",
        "repo": "nixpkgs",
        "type": "github"
      }
    },
    "ox-gfm": {
      "flake": false,
      "locked": {
        "lastModified": 1479132511,
        "narHash": "sha256-Grot+0iay2nw/08bpC0i2B59HstdNq1kEZodn3D/GFA=",
        "owner": "syl20bnr",
        "repo": "ox-gfm",
        "rev": "352ab00a5e06d042700bf7955f9ace48c503c1c8",
        "type": "github"
      },
      "original": {
        "owner": "syl20bnr",
        "repo": "ox-gfm",
        "type": "github"
      }
    },
    "qmk-factory": {
      "flake": false,
      "locked": {
        "lastModified": 1706977027,
        "narHash": "sha256-FqRuk5LnW4MJhzb6ODYTXHXDmP5N+HiN25q3NFTnkFY=",
        "ref": "refs/heads/master",
        "rev": "fa2fb9bbe03706219b5aff3d312ea57ace1e4b3a",
        "revCount": 26531,
        "submodules": true,
        "type": "git",
        "url": "https://github.com/qmk/qmk_firmware"
      },
      "original": {
        "submodules": true,
        "type": "git",
        "url": "https://github.com/qmk/qmk_firmware"
      }
    },
    "root": {
      "inputs": {
        "arduino-boardsmanager-empty": "arduino-boardsmanager-empty",
        "arduino-cores-avr": "arduino-cores-avr",
        "arduino-discovery-dfu": "arduino-discovery-dfu",
        "arduino-discovery-mdns": "arduino-discovery-mdns",
        "arduino-discovery-serial": "arduino-discovery-serial",
        "arduino-monitor-serial": "arduino-monitor-serial",
        "arduino-tools-avr-gcc": "arduino-tools-avr-gcc",
        "arduino-tools-avrdude": "arduino-tools-avrdude",
        "arduino-tools-ctags": "arduino-tools-ctags",
        "arduino-tools-dfu-util": "arduino-tools-dfu-util",
        "arduino-tools-ota": "arduino-tools-ota",
        "arduino-xpack-arm": "arduino-xpack-arm",
        "arduino-xpack-openocd": "arduino-xpack-openocd",
        "flake-parts": "flake-parts",
        "keyboardio-arduinocore": "keyboardio-arduinocore",
        "keyboardio-kaleidoscope-bundle": "keyboardio-kaleidoscope-bundle",
        "keyboardio-kaleidoscope-factory": "keyboardio-kaleidoscope-factory",
        "keymaps-ergodoxez": "keymaps-ergodoxez",
        "keymaps-model01": "keymaps-model01",
        "keymaps-model100": "keymaps-model100",
        "keymaps-moonlander": "keymaps-moonlander",
        "nix-project": "nix-project",
        "qmk-factory": "qmk-factory"
      }
    }
  },
  "root": "root",
  "version": 7
}
